
Microsoft Visual Studio Solution File, Format Version 12.00
# Visual Studio Version 17
VisualStudioVersion = 17.4.33122.133
MinimumVisualStudioVersion = 10.0.40219.1
Project("{FAE04EC0-301F-11D3-BF4B-00C04F79EFBC}") = "MemoryCachingTutorial", "MemoryCachingTutorial.csproj", "{ECE0778F-BD8E-4411-A53B-2C1FBD0EFBF0}"
EndProject
Global
	GlobalSection(SolutionConfigurationPlatforms) = preSolution
		Debug|Any CPU = Debug|Any CPU
		Release|Any CPU = Release|Any CPU
	EndGlobalSection
	GlobalSection(ProjectConfigurationPlatforms) = postSolution
		{ECE0778F-BD8E-4411-A53B-2C1FBD0EFBF0}.Debug|Any CPU.ActiveCfg = Debug|Any CPU
		{ECE0778F-BD8E-4411-A53B-2C1FBD0EFBF0}.Debug|Any CPU.Build.0 = Debug|Any CPU
		{ECE0778F-BD8E-4411-A53B-2C1FBD0EFBF0}.Release|Any CPU.ActiveCfg = Release|Any CPU
		{ECE0778F-BD8E-4411-A53B-2C1FBD0EFBF0}.Release|Any CPU.Build.0 = Release|Any CPU
	EndGlobalSection
	GlobalSection(SolutionProperties) = preSolution
		HideSolutionNode = FALSE
	EndGlobalSection
	GlobalSection(ExtensibilityGlobals) = postSolution
		SolutionGuid = {2798E813-9573-4250-AE52-18E653CF4337}
	EndGlobalSection
EndGlobal
